
Microsoft Visual Studio Solution File, Format Version 12.00
# Visual Studio Version 17
VisualStudioVersion = 17.9.34701.34
MinimumVisualStudioVersion = 10.0.40219.1
Project("{FAE04EC0-301F-11D3-BF4B-00C04F79EFBC}") = "Cars", "Cars\Cars.csproj", "{F9F4766C-C29A-4071-94D9-CF79DD8EAD54}"
EndProject
Global
	GlobalSection(SolutionConfigurationPlatforms) = preSolution
		Debug|Any CPU = Debug|Any CPU
		Release|Any CPU = Release|Any CPU
	EndGlobalSection
	GlobalSection(ProjectConfigurationPlatforms) = postSolution
		{F9F4766C-C29A-4071-94D9-CF79DD8EAD54}.Debug|Any CPU.ActiveCfg = Debug|Any CPU
		{F9F4766C-C29A-4071-94D9-CF79DD8EAD54}.Debug|Any CPU.Build.0 = Debug|Any CPU
		{F9F4766C-C29A-4071-94D9-CF79DD8EAD54}.Release|Any CPU.ActiveCfg = Release|Any CPU
		{F9F4766C-C29A-4071-94D9-CF79DD8EAD54}.Release|Any CPU.Build.0 = Release|Any CPU
	EndGlobalSection
	GlobalSection(SolutionProperties) = preSolution
		HideSolutionNode = FALSE
	EndGlobalSection
	GlobalSection(ExtensibilityGlobals) = postSolution
		SolutionGuid = {5EEEE630-2D0C-4CD7-AF07-FA3DF3E8B020}
	EndGlobalSection
EndGlobal
